// !$*UTF8*$!
{
	archiveVersion = 1;
	classes = {
	};
	objectVersion = 56;
	objects = {

/* Begin PBXBuildFile section */
		9C5C53F213F711AEB47440A1 /* Pods_Space_X_Launches_App.framework in Frameworks */ = {isa = PBXBuildFile; fileRef = E377F02A99A83AB98A250275 /* Pods_Space_X_Launches_App.framework */; };
		FD1AD47C2C9734F100698A02 /* APICaller.swift in Sources */ = {isa = PBXBuildFile; fileRef = FD1AD47B2C9734F100698A02 /* APICaller.swift */; };
		FD1AD4832C9736D200698A02 /* NetworkConstant.swift in Sources */ = {isa = PBXBuildFile; fileRef = FD1AD4822C9736D200698A02 /* NetworkConstant.swift */; };
		FD1AD4852C9739E900698A02 /* Launch.swift in Sources */ = {isa = PBXBuildFile; fileRef = FD1AD4842C9739E900698A02 /* Launch.swift */; };
		FD2D53652C985FD400AE40A5 /* DetailsViewModel.swift in Sources */ = {isa = PBXBuildFile; fileRef = FD2D53642C985FD400AE40A5 /* DetailsViewModel.swift */; };
		FD2D53682C986D4700AE40A5 /* DetailViewSwiftUI.swift in Sources */ = {isa = PBXBuildFile; fileRef = FD2D53672C986D4700AE40A5 /* DetailViewSwiftUI.swift */; };
		FD7A5A5D2C978976004A8AE4 /* Extensions.swift in Sources */ = {isa = PBXBuildFile; fileRef = FD7A5A5C2C978976004A8AE4 /* Extensions.swift */; };
		FD7A5A5F2C978A6D004A8AE4 /* MainLaunchCellViewModel.swift in Sources */ = {isa = PBXBuildFile; fileRef = FD7A5A5E2C978A6D004A8AE4 /* MainLaunchCellViewModel.swift */; };
		FD8A368C2C9762B500A8B5E6 /* MainViewController+TableView.swift in Sources */ = {isa = PBXBuildFile; fileRef = FD8A368B2C9762B500A8B5E6 /* MainViewController+TableView.swift */; };
		FD8A368E2C97639C00A8B5E6 /* MainViewModel.swift in Sources */ = {isa = PBXBuildFile; fileRef = FD8A368D2C97639C00A8B5E6 /* MainViewModel.swift */; };
		FD8A36912C9766B200A8B5E6 /* Observable.swift in Sources */ = {isa = PBXBuildFile; fileRef = FD8A36902C9766B200A8B5E6 /* Observable.swift */; };
		FD8A36952C97848A00A8B5E6 /* MainLaunchCell.swift in Sources */ = {isa = PBXBuildFile; fileRef = FD8A36932C97848A00A8B5E6 /* MainLaunchCell.swift */; };
		FD8A36962C97848A00A8B5E6 /* MainLaunchCell.xib in Resources */ = {isa = PBXBuildFile; fileRef = FD8A36942C97848A00A8B5E6 /* MainLaunchCell.xib */; };
		FDBDCA212C972E6F002B06B3 /* AppDelegate.swift in Sources */ = {isa = PBXBuildFile; fileRef = FDBDCA202C972E6F002B06B3 /* AppDelegate.swift */; };
		FDBDCA2A2C972E70002B06B3 /* Assets.xcassets in Resources */ = {isa = PBXBuildFile; fileRef = FDBDCA292C972E70002B06B3 /* Assets.xcassets */; };
		FDBDCA2D2C972E70002B06B3 /* Base in Resources */ = {isa = PBXBuildFile; fileRef = FDBDCA2C2C972E70002B06B3 /* Base */; };
		FDBDCA3C2C972ECC002B06B3 /* MainViewController.swift in Sources */ = {isa = PBXBuildFile; fileRef = FDBDCA3A2C972ECC002B06B3 /* MainViewController.swift */; };
		FDBDCA3D2C972ECC002B06B3 /* MainViewController.xib in Resources */ = {isa = PBXBuildFile; fileRef = FDBDCA3B2C972ECC002B06B3 /* MainViewController.xib */; };
		FDCBBBC32C98442800C29C06 /* Space_X_Launches_App_UITests.swift in Sources */ = {isa = PBXBuildFile; fileRef = FDCBBBC22C98442800C29C06 /* Space_X_Launches_App_UITests.swift */; };
		FDCBBBC52C98442800C29C06 /* Space_X_Launches_App_UITestsLaunchTests.swift in Sources */ = {isa = PBXBuildFile; fileRef = FDCBBBC42C98442800C29C06 /* Space_X_Launches_App_UITestsLaunchTests.swift */; };
		FDCBBBCD2C98461200C29C06 /* APICallerLaunchTests.swift in Sources */ = {isa = PBXBuildFile; fileRef = FDCBBBCC2C98461200C29C06 /* APICallerLaunchTests.swift */; };
		FDCBBBD02C98489900C29C06 /* SDWebImageSwiftUI in Frameworks */ = {isa = PBXBuildFile; productRef = FDCBBBCF2C98489900C29C06 /* SDWebImageSwiftUI */; };
		FDCBBBD22C9848A600C29C06 /* SDWebImageSwiftUI in Frameworks */ = {isa = PBXBuildFile; productRef = FDCBBBD12C9848A600C29C06 /* SDWebImageSwiftUI */; };
		FDCBBBD32C9849A600C29C06 /* APICaller.swift in Sources */ = {isa = PBXBuildFile; fileRef = FD1AD47B2C9734F100698A02 /* APICaller.swift */; };
		FDCBBBD42C9849AB00C29C06 /* Launch.swift in Sources */ = {isa = PBXBuildFile; fileRef = FD1AD4842C9739E900698A02 /* Launch.swift */; };
		FDCBBBD52C9849BF00C29C06 /* NetworkConstant.swift in Sources */ = {isa = PBXBuildFile; fileRef = FD1AD4822C9736D200698A02 /* NetworkConstant.swift */; };
/* End PBXBuildFile section */

/* Begin PBXContainerItemProxy section */
		FDCBBBC62C98442800C29C06 /* PBXContainerItemProxy */ = {
			isa = PBXContainerItemProxy;
			containerPortal = FDBDCA152C972E6F002B06B3 /* Project object */;
			proxyType = 1;
			remoteGlobalIDString = FDBDCA1C2C972E6F002B06B3;
			remoteInfo = "Space-X-Launches-App";
		};
/* End PBXContainerItemProxy section */

/* Begin PBXFileReference section */
		1ADAFED7B30AED507D219110 /* Pods-Space-X-Launches-App.debug.xcconfig */ = {isa = PBXFileReference; includeInIndex = 1; lastKnownFileType = text.xcconfig; name = "Pods-Space-X-Launches-App.debug.xcconfig"; path = "Target Support Files/Pods-Space-X-Launches-App/Pods-Space-X-Launches-App.debug.xcconfig"; sourceTree = "<group>"; };
		E0C836499E5261745AC4FFE4 /* Pods-Space-X-Launches-App.release.xcconfig */ = {isa = PBXFileReference; includeInIndex = 1; lastKnownFileType = text.xcconfig; name = "Pods-Space-X-Launches-App.release.xcconfig"; path = "Target Support Files/Pods-Space-X-Launches-App/Pods-Space-X-Launches-App.release.xcconfig"; sourceTree = "<group>"; };
		E377F02A99A83AB98A250275 /* Pods_Space_X_Launches_App.framework */ = {isa = PBXFileReference; explicitFileType = wrapper.framework; includeInIndex = 0; path = Pods_Space_X_Launches_App.framework; sourceTree = BUILT_PRODUCTS_DIR; };
		FD1AD47B2C9734F100698A02 /* APICaller.swift */ = {isa = PBXFileReference; lastKnownFileType = sourcecode.swift; path = APICaller.swift; sourceTree = "<group>"; };
		FD1AD4822C9736D200698A02 /* NetworkConstant.swift */ = {isa = PBXFileReference; lastKnownFileType = sourcecode.swift; path = NetworkConstant.swift; sourceTree = "<group>"; };
		FD1AD4842C9739E900698A02 /* Launch.swift */ = {isa = PBXFileReference; lastKnownFileType = sourcecode.swift; path = Launch.swift; sourceTree = "<group>"; };
		FD2D53642C985FD400AE40A5 /* DetailsViewModel.swift */ = {isa = PBXFileReference; lastKnownFileType = sourcecode.swift; path = DetailsViewModel.swift; sourceTree = "<group>"; };
		FD2D53672C986D4700AE40A5 /* DetailViewSwiftUI.swift */ = {isa = PBXFileReference; lastKnownFileType = sourcecode.swift; path = DetailViewSwiftUI.swift; sourceTree = "<group>"; };
		FD7A5A5C2C978976004A8AE4 /* Extensions.swift */ = {isa = PBXFileReference; lastKnownFileType = sourcecode.swift; path = Extensions.swift; sourceTree = "<group>"; };
		FD7A5A5E2C978A6D004A8AE4 /* MainLaunchCellViewModel.swift */ = {isa = PBXFileReference; lastKnownFileType = sourcecode.swift; path = MainLaunchCellViewModel.swift; sourceTree = "<group>"; };
		FD8A368B2C9762B500A8B5E6 /* MainViewController+TableView.swift */ = {isa = PBXFileReference; lastKnownFileType = sourcecode.swift; path = "MainViewController+TableView.swift"; sourceTree = "<group>"; };
		FD8A368D2C97639C00A8B5E6 /* MainViewModel.swift */ = {isa = PBXFileReference; lastKnownFileType = sourcecode.swift; path = MainViewModel.swift; sourceTree = "<group>"; };
		FD8A36902C9766B200A8B5E6 /* Observable.swift */ = {isa = PBXFileReference; lastKnownFileType = sourcecode.swift; path = Observable.swift; sourceTree = "<group>"; };
		FD8A36932C97848A00A8B5E6 /* MainLaunchCell.swift */ = {isa = PBXFileReference; lastKnownFileType = sourcecode.swift; path = MainLaunchCell.swift; sourceTree = "<group>"; };
		FD8A36942C97848A00A8B5E6 /* MainLaunchCell.xib */ = {isa = PBXFileReference; lastKnownFileType = file.xib; path = MainLaunchCell.xib; sourceTree = "<group>"; };
		FDBDCA1D2C972E6F002B06B3 /* Space-X-Launches-App.app */ = {isa = PBXFileReference; explicitFileType = wrapper.application; includeInIndex = 0; path = "Space-X-Launches-App.app"; sourceTree = BUILT_PRODUCTS_DIR; };
		FDBDCA202C972E6F002B06B3 /* AppDelegate.swift */ = {isa = PBXFileReference; lastKnownFileType = sourcecode.swift; path = AppDelegate.swift; sourceTree = "<group>"; };
		FDBDCA292C972E70002B06B3 /* Assets.xcassets */ = {isa = PBXFileReference; lastKnownFileType = folder.assetcatalog; path = Assets.xcassets; sourceTree = "<group>"; };
		FDBDCA2C2C972E70002B06B3 /* Base */ = {isa = PBXFileReference; lastKnownFileType = file.storyboard; name = Base; path = Base.lproj/LaunchScreen.storyboard; sourceTree = "<group>"; };
		FDBDCA2E2C972E70002B06B3 /* Info.plist */ = {isa = PBXFileReference; lastKnownFileType = text.plist.xml; path = Info.plist; sourceTree = "<group>"; };
		FDBDCA3A2C972ECC002B06B3 /* MainViewController.swift */ = {isa = PBXFileReference; lastKnownFileType = sourcecode.swift; path = MainViewController.swift; sourceTree = "<group>"; };
		FDBDCA3B2C972ECC002B06B3 /* MainViewController.xib */ = {isa = PBXFileReference; lastKnownFileType = file.xib; path = MainViewController.xib; sourceTree = "<group>"; };
		FDCBBBC02C98442800C29C06 /* Space-X-Launches-App-UITests.xctest */ = {isa = PBXFileReference; explicitFileType = wrapper.cfbundle; includeInIndex = 0; path = "Space-X-Launches-App-UITests.xctest"; sourceTree = BUILT_PRODUCTS_DIR; };
		FDCBBBC22C98442800C29C06 /* Space_X_Launches_App_UITests.swift */ = {isa = PBXFileReference; lastKnownFileType = sourcecode.swift; path = Space_X_Launches_App_UITests.swift; sourceTree = "<group>"; };
		FDCBBBC42C98442800C29C06 /* Space_X_Launches_App_UITestsLaunchTests.swift */ = {isa = PBXFileReference; lastKnownFileType = sourcecode.swift; path = Space_X_Launches_App_UITestsLaunchTests.swift; sourceTree = "<group>"; };
		FDCBBBCC2C98461200C29C06 /* APICallerLaunchTests.swift */ = {isa = PBXFileReference; lastKnownFileType = sourcecode.swift; path = APICallerLaunchTests.swift; sourceTree = "<group>"; };
/* End PBXFileReference section */

/* Begin PBXFrameworksBuildPhase section */
		FDBDCA1A2C972E6F002B06B3 /* Frameworks */ = {
			isa = PBXFrameworksBuildPhase;
			buildActionMask = 2147483647;
			files = (
				FDCBBBD02C98489900C29C06 /* SDWebImageSwiftUI in Frameworks */,
				9C5C53F213F711AEB47440A1 /* Pods_Space_X_Launches_App.framework in Frameworks */,
			);
			runOnlyForDeploymentPostprocessing = 0;
		};
		FDCBBBBD2C98442800C29C06 /* Frameworks */ = {
			isa = PBXFrameworksBuildPhase;
			buildActionMask = 2147483647;
			files = (
				FDCBBBD22C9848A600C29C06 /* SDWebImageSwiftUI in Frameworks */,
			);
			runOnlyForDeploymentPostprocessing = 0;
		};
/* End PBXFrameworksBuildPhase section */

/* Begin PBXGroup section */
		2D53DDC60F508065B013529F /* Pods */ = {
			isa = PBXGroup;
			children = (
				1ADAFED7B30AED507D219110 /* Pods-Space-X-Launches-App.debug.xcconfig */,
				E0C836499E5261745AC4FFE4 /* Pods-Space-X-Launches-App.release.xcconfig */,
			);
			path = Pods;
			sourceTree = "<group>";
		};
		95124972D64BB90F8CF06D06 /* Frameworks */ = {
			isa = PBXGroup;
			children = (
				E377F02A99A83AB98A250275 /* Pods_Space_X_Launches_App.framework */,
			);
			name = Frameworks;
			sourceTree = "<group>";
		};
		FD2D53662C986D3900AE40A5 /* DetailViewSwiftUI */ = {
			isa = PBXGroup;
			children = (
				FD2D53672C986D4700AE40A5 /* DetailViewSwiftUI.swift */,
			);
			path = DetailViewSwiftUI;
			sourceTree = "<group>";
		};
		FD8A368F2C9766A300A8B5E6 /* Helpers */ = {
			isa = PBXGroup;
			children = (
				FD8A36902C9766B200A8B5E6 /* Observable.swift */,
				FD7A5A5C2C978976004A8AE4 /* Extensions.swift */,
			);
			path = Helpers;
			sourceTree = "<group>";
		};
		FD8A36922C97845C00A8B5E6 /* MainLaunchCell */ = {
			isa = PBXGroup;
			children = (
				FD8A36932C97848A00A8B5E6 /* MainLaunchCell.swift */,
				FD8A36942C97848A00A8B5E6 /* MainLaunchCell.xib */,
			);
			path = MainLaunchCell;
			sourceTree = "<group>";
		};
		FDBDCA142C972E6F002B06B3 = {
			isa = PBXGroup;
			children = (
				FDBDCA1F2C972E6F002B06B3 /* Space-X-Launches-App */,
				FDCBBBC12C98442800C29C06 /* Space-X-Launches-App-UITests */,
				FDBDCA1E2C972E6F002B06B3 /* Products */,
				2D53DDC60F508065B013529F /* Pods */,
				95124972D64BB90F8CF06D06 /* Frameworks */,
			);
			sourceTree = "<group>";
		};
		FDBDCA1E2C972E6F002B06B3 /* Products */ = {
			isa = PBXGroup;
			children = (
				FDBDCA1D2C972E6F002B06B3 /* Space-X-Launches-App.app */,
				FDCBBBC02C98442800C29C06 /* Space-X-Launches-App-UITests.xctest */,
			);
			name = Products;
			sourceTree = "<group>";
		};
		FDBDCA1F2C972E6F002B06B3 /* Space-X-Launches-App */ = {
			isa = PBXGroup;
			children = (
				FDBDCA202C972E6F002B06B3 /* AppDelegate.swift */,
				FD8A368F2C9766A300A8B5E6 /* Helpers */,
				FDBDCA2E2C972E70002B06B3 /* Info.plist */,
				FDBDCA2B2C972E70002B06B3 /* LaunchScreen.storyboard */,
				FDBDCA382C972E95002B06B3 /* Models */,
				FDBDCA352C972E84002B06B3 /* Networking */,
				FDBDCA342C972E7E002B06B3 /* Resources */,
				FDBDCA372C972E8F002B06B3 /* ViewModels */,
				FDBDCA362C972E89002B06B3 /* Views */,
			);
			path = "Space-X-Launches-App";
			sourceTree = "<group>";
		};
		FDBDCA342C972E7E002B06B3 /* Resources */ = {
			isa = PBXGroup;
			children = (
				FDBDCA292C972E70002B06B3 /* Assets.xcassets */,
			);
			path = Resources;
			sourceTree = "<group>";
		};
		FDBDCA352C972E84002B06B3 /* Networking */ = {
			isa = PBXGroup;
			children = (
				FD1AD47B2C9734F100698A02 /* APICaller.swift */,
				FD1AD4822C9736D200698A02 /* NetworkConstant.swift */,
			);
			path = Networking;
			sourceTree = "<group>";
		};
		FDBDCA362C972E89002B06B3 /* Views */ = {
			isa = PBXGroup;
			children = (
				FD2D53662C986D3900AE40A5 /* DetailViewSwiftUI */,
				FD8A36922C97845C00A8B5E6 /* MainLaunchCell */,
				FDBDCA392C972EBE002B06B3 /* MainView */,
			);
			path = Views;
			sourceTree = "<group>";
		};
		FDBDCA372C972E8F002B06B3 /* ViewModels */ = {
			isa = PBXGroup;
			children = (
				FD8A368D2C97639C00A8B5E6 /* MainViewModel.swift */,
				FD7A5A5E2C978A6D004A8AE4 /* MainLaunchCellViewModel.swift */,
				FD2D53642C985FD400AE40A5 /* DetailsViewModel.swift */,
			);
			path = ViewModels;
			sourceTree = "<group>";
		};
		FDBDCA382C972E95002B06B3 /* Models */ = {
			isa = PBXGroup;
			children = (
				FD1AD4842C9739E900698A02 /* Launch.swift */,
			);
			path = Models;
			sourceTree = "<group>";
		};
		FDBDCA392C972EBE002B06B3 /* MainView */ = {
			isa = PBXGroup;
			children = (
				FDBDCA3A2C972ECC002B06B3 /* MainViewController.swift */,
				FDBDCA3B2C972ECC002B06B3 /* MainViewController.xib */,
				FD8A368B2C9762B500A8B5E6 /* MainViewController+TableView.swift */,
			);
			path = MainView;
			sourceTree = "<group>";
		};
		FDCBBBC12C98442800C29C06 /* Space-X-Launches-App-UITests */ = {
			isa = PBXGroup;
			children = (
				FDCBBBCB2C98453E00C29C06 /* Networking */,
				FDCBBBC22C98442800C29C06 /* Space_X_Launches_App_UITests.swift */,
				FDCBBBC42C98442800C29C06 /* Space_X_Launches_App_UITestsLaunchTests.swift */,
			);
			path = "Space-X-Launches-App-UITests";
			sourceTree = "<group>";
		};
		FDCBBBCB2C98453E00C29C06 /* Networking */ = {
			isa = PBXGroup;
			children = (
				FDCBBBCC2C98461200C29C06 /* APICallerLaunchTests.swift */,
			);
			path = Networking;
			sourceTree = "<group>";
		};
/* End PBXGroup section */

/* Begin PBXNativeTarget section */
		FDBDCA1C2C972E6F002B06B3 /* Space-X-Launches-App */ = {
			isa = PBXNativeTarget;
			buildConfigurationList = FDBDCA312C972E70002B06B3 /* Build configuration list for PBXNativeTarget "Space-X-Launches-App" */;
			buildPhases = (
				B69FFEC68D973A72A4459B67 /* [CP] Check Pods Manifest.lock */,
				FDBDCA192C972E6F002B06B3 /* Sources */,
				FDBDCA1A2C972E6F002B06B3 /* Frameworks */,
				FDBDCA1B2C972E6F002B06B3 /* Resources */,
				FD2BB2862C972F8500B99341 /* SwiftLint Run Script */,
			);
			buildRules = (
			);
			dependencies = (
			);
			name = "Space-X-Launches-App";
			packageProductDependencies = (
				FDCBBBCF2C98489900C29C06 /* SDWebImageSwiftUI */,
			);
			productName = "Space-X-Launches-App";
			productReference = FDBDCA1D2C972E6F002B06B3 /* Space-X-Launches-App.app */;
			productType = "com.apple.product-type.application";
		};
		FDCBBBBF2C98442800C29C06 /* Space-X-Launches-App-UITests */ = {
			isa = PBXNativeTarget;
			buildConfigurationList = FDCBBBC82C98442800C29C06 /* Build configuration list for PBXNativeTarget "Space-X-Launches-App-UITests" */;
			buildPhases = (
				FDCBBBBC2C98442800C29C06 /* Sources */,
				FDCBBBBD2C98442800C29C06 /* Frameworks */,
				FDCBBBBE2C98442800C29C06 /* Resources */,
			);
			buildRules = (
			);
			dependencies = (
				FDCBBBC72C98442800C29C06 /* PBXTargetDependency */,
			);
			name = "Space-X-Launches-App-UITests";
			packageProductDependencies = (
				FDCBBBD12C9848A600C29C06 /* SDWebImageSwiftUI */,
			);
			productName = "Space-X-Launches-App-UITests";
			productReference = FDCBBBC02C98442800C29C06 /* Space-X-Launches-App-UITests.xctest */;
			productType = "com.apple.product-type.bundle.ui-testing";
		};
/* End PBXNativeTarget section */

/* Begin PBXProject section */
		FDBDCA152C972E6F002B06B3 /* Project object */ = {
			isa = PBXProject;
			attributes = {
				BuildIndependentTargetsInParallel = 1;
				LastSwiftUpdateCheck = 1540;
				LastUpgradeCheck = 1540;
				TargetAttributes = {
					FDBDCA1C2C972E6F002B06B3 = {
						CreatedOnToolsVersion = 15.4;
					};
					FDCBBBBF2C98442800C29C06 = {
						CreatedOnToolsVersion = 15.4;
						TestTargetID = FDBDCA1C2C972E6F002B06B3;
					};
				};
			};
			buildConfigurationList = FDBDCA182C972E6F002B06B3 /* Build configuration list for PBXProject "Space-X-Launches-App" */;
			compatibilityVersion = "Xcode 14.0";
			developmentRegion = en;
			hasScannedForEncodings = 0;
			knownRegions = (
				en,
				Base,
			);
			mainGroup = FDBDCA142C972E6F002B06B3;
			packageReferences = (
				FDCBBBCE2C98489900C29C06 /* XCRemoteSwiftPackageReference "SDWebImageSwiftUI" */,
			);
			productRefGroup = FDBDCA1E2C972E6F002B06B3 /* Products */;
			projectDirPath = "";
			projectRoot = "";
			targets = (
				FDBDCA1C2C972E6F002B06B3 /* Space-X-Launches-App */,
				FDCBBBBF2C98442800C29C06 /* Space-X-Launches-App-UITests */,
			);
		};
/* End PBXProject section */

/* Begin PBXResourcesBuildPhase section */
		FDBDCA1B2C972E6F002B06B3 /* Resources */ = {
			isa = PBXResourcesBuildPhase;
			buildActionMask = 2147483647;
			files = (
				FDBDCA2A2C972E70002B06B3 /* Assets.xcassets in Resources */,
				FDBDCA2D2C972E70002B06B3 /* Base in Resources */,
				FDBDCA3D2C972ECC002B06B3 /* MainViewController.xib in Resources */,
				FD8A36962C97848A00A8B5E6 /* MainLaunchCell.xib in Resources */,
			);
			runOnlyForDeploymentPostprocessing = 0;
		};
		FDCBBBBE2C98442800C29C06 /* Resources */ = {
			isa = PBXResourcesBuildPhase;
			buildActionMask = 2147483647;
			files = (
			);
			runOnlyForDeploymentPostprocessing = 0;
		};
/* End PBXResourcesBuildPhase section */

/* Begin PBXShellScriptBuildPhase section */
		B69FFEC68D973A72A4459B67 /* [CP] Check Pods Manifest.lock */ = {
			isa = PBXShellScriptBuildPhase;
			buildActionMask = 2147483647;
			files = (
			);
			inputFileListPaths = (
			);
			inputPaths = (
				"${PODS_PODFILE_DIR_PATH}/Podfile.lock",
				"${PODS_ROOT}/Manifest.lock",
			);
			name = "[CP] Check Pods Manifest.lock";
			outputFileListPaths = (
			);
			outputPaths = (
				"$(DERIVED_FILE_DIR)/Pods-Space-X-Launches-App-checkManifestLockResult.txt",
			);
			runOnlyForDeploymentPostprocessing = 0;
			shellPath = /bin/sh;
			shellScript = "diff \"${PODS_PODFILE_DIR_PATH}/Podfile.lock\" \"${PODS_ROOT}/Manifest.lock\" > /dev/null\nif [ $? != 0 ] ; then\n    # print error to STDERR\n    echo \"error: The sandbox is not in sync with the Podfile.lock. Run 'pod install' or update your CocoaPods installation.\" >&2\n    exit 1\nfi\n# This output is used by Xcode 'outputs' to avoid re-running this script phase.\necho \"SUCCESS\" > \"${SCRIPT_OUTPUT_FILE_0}\"\n";
			showEnvVarsInLog = 0;
		};
		FD2BB2862C972F8500B99341 /* SwiftLint Run Script */ = {
			isa = PBXShellScriptBuildPhase;
			buildActionMask = 2147483647;
			files = (
			);
			inputFileListPaths = (
			);
			inputPaths = (
			);
			name = "SwiftLint Run Script";
			outputFileListPaths = (
			);
			outputPaths = (
			);
			runOnlyForDeploymentPostprocessing = 0;
			shellPath = "/opt/homebrew/bin/swiftlint\n/opt/homebrew/bin/swiftlint\n/opt/homebrew/bin/swiftlint";
			shellScript = "if which swiftlint >/dev/null; then\n  swiftlint\nelse\n  echo \"warning: SwiftLint not installed, download from https://github.com/realm/SwiftLint\"\nfi\n";
		};
/* End PBXShellScriptBuildPhase section */

/* Begin PBXSourcesBuildPhase section */
		FDBDCA192C972E6F002B06B3 /* Sources */ = {
			isa = PBXSourcesBuildPhase;
			buildActionMask = 2147483647;
			files = (
				FD8A36912C9766B200A8B5E6 /* Observable.swift in Sources */,
				FD8A368E2C97639C00A8B5E6 /* MainViewModel.swift in Sources */,
				FDBDCA3C2C972ECC002B06B3 /* MainViewController.swift in Sources */,
				FD2D53652C985FD400AE40A5 /* DetailsViewModel.swift in Sources */,
				FD8A368C2C9762B500A8B5E6 /* MainViewController+TableView.swift in Sources */,
				FD7A5A5F2C978A6D004A8AE4 /* MainLaunchCellViewModel.swift in Sources */,
				FD1AD4852C9739E900698A02 /* Launch.swift in Sources */,
				FD7A5A5D2C978976004A8AE4 /* Extensions.swift in Sources */,
				FD2D53682C986D4700AE40A5 /* DetailViewSwiftUI.swift in Sources */,
				FD1AD47C2C9734F100698A02 /* APICaller.swift in Sources */,
				FD8A36952C97848A00A8B5E6 /* MainLaunchCell.swift in Sources */,
				FD1AD4832C9736D200698A02 /* NetworkConstant.swift in Sources */,
				FDBDCA212C972E6F002B06B3 /* AppDelegate.swift in Sources */,
			);
			runOnlyForDeploymentPostprocessing = 0;
		};
		FDCBBBBC2C98442800C29C06 /* Sources */ = {
			isa = PBXSourcesBuildPhase;
			buildActionMask = 2147483647;
			files = (
				FDCBBBCD2C98461200C29C06 /* APICallerLaunchTests.swift in Sources */,
				FDCBBBC32C98442800C29C06 /* Space_X_Launches_App_UITests.swift in Sources */,
				FDCBBBC52C98442800C29C06 /* Space_X_Launches_App_UITestsLaunchTests.swift in Sources */,
				FDCBBBD42C9849AB00C29C06 /* Launch.swift in Sources */,
				FDCBBBD52C9849BF00C29C06 /* NetworkConstant.swift in Sources */,
				FDCBBBD32C9849A600C29C06 /* APICaller.swift in Sources */,
			);
			runOnlyForDeploymentPostprocessing = 0;
		};
/* End PBXSourcesBuildPhase section */

/* Begin PBXTargetDependency section */
		FDCBBBC72C98442800C29C06 /* PBXTargetDependency */ = {
			isa = PBXTargetDependency;
			target = FDBDCA1C2C972E6F002B06B3 /* Space-X-Launches-App */;
			targetProxy = FDCBBBC62C98442800C29C06 /* PBXContainerItemProxy */;
		};
/* End PBXTargetDependency section */

/* Begin PBXVariantGroup section */
		FDBDCA2B2C972E70002B06B3 /* LaunchScreen.storyboard */ = {
			isa = PBXVariantGroup;
			children = (
				FDBDCA2C2C972E70002B06B3 /* Base */,
			);
			name = LaunchScreen.storyboard;
			sourceTree = "<group>";
		};
/* End PBXVariantGroup section */

/* Begin XCBuildConfiguration section */
		FDBDCA2F2C972E70002B06B3 /* Debug */ = {
			isa = XCBuildConfiguration;
			buildSettings = {
				ALWAYS_SEARCH_USER_PATHS = NO;
				ASSETCATALOG_COMPILER_GENERATE_SWIFT_ASSET_SYMBOL_EXTENSIONS = YES;
				CLANG_ANALYZER_NONNULL = YES;
				CLANG_ANALYZER_NUMBER_OBJECT_CONVERSION = YES_AGGRESSIVE;
				CLANG_CXX_LANGUAGE_STANDARD = "gnu++20";
				CLANG_ENABLE_MODULES = YES;
				CLANG_ENABLE_OBJC_ARC = YES;
				CLANG_ENABLE_OBJC_WEAK = YES;
				CLANG_WARN_BLOCK_CAPTURE_AUTORELEASING = YES;
				CLANG_WARN_BOOL_CONVERSION = YES;
				CLANG_WARN_COMMA = YES;
				CLANG_WARN_CONSTANT_CONVERSION = YES;
				CLANG_WARN_DEPRECATED_OBJC_IMPLEMENTATIONS = YES;
				CLANG_WARN_DIRECT_OBJC_ISA_USAGE = YES_ERROR;
				CLANG_WARN_DOCUMENTATION_COMMENTS = YES;
				CLANG_WARN_EMPTY_BODY = YES;
				CLANG_WARN_ENUM_CONVERSION = YES;
				CLANG_WARN_INFINITE_RECURSION = YES;
				CLANG_WARN_INT_CONVERSION = YES;
				CLANG_WARN_NON_LITERAL_NULL_CONVERSION = YES;
				CLANG_WARN_OBJC_IMPLICIT_RETAIN_SELF = YES;
				CLANG_WARN_OBJC_LITERAL_CONVERSION = YES;
				CLANG_WARN_OBJC_ROOT_CLASS = YES_ERROR;
				CLANG_WARN_QUOTED_INCLUDE_IN_FRAMEWORK_HEADER = YES;
				CLANG_WARN_RANGE_LOOP_ANALYSIS = YES;
				CLANG_WARN_STRICT_PROTOTYPES = YES;
				CLANG_WARN_SUSPICIOUS_MOVE = YES;
				CLANG_WARN_UNGUARDED_AVAILABILITY = YES_AGGRESSIVE;
				CLANG_WARN_UNREACHABLE_CODE = YES;
				CLANG_WARN__DUPLICATE_METHOD_MATCH = YES;
				COPY_PHASE_STRIP = NO;
				DEBUG_INFORMATION_FORMAT = dwarf;
				ENABLE_STRICT_OBJC_MSGSEND = YES;
				ENABLE_TESTABILITY = YES;
				ENABLE_USER_SCRIPT_SANDBOXING = YES;
				GCC_C_LANGUAGE_STANDARD = gnu17;
				GCC_DYNAMIC_NO_PIC = NO;
				GCC_NO_COMMON_BLOCKS = YES;
				GCC_OPTIMIZATION_LEVEL = 0;
				GCC_PREPROCESSOR_DEFINITIONS = (
					"DEBUG=1",
					"$(inherited)",
				);
				GCC_WARN_64_TO_32_BIT_CONVERSION = YES;
				GCC_WARN_ABOUT_RETURN_TYPE = YES_ERROR;
				GCC_WARN_UNDECLARED_SELECTOR = YES;
				GCC_WARN_UNINITIALIZED_AUTOS = YES_AGGRESSIVE;
				GCC_WARN_UNUSED_FUNCTION = YES;
				GCC_WARN_UNUSED_VARIABLE = YES;
				IPHONEOS_DEPLOYMENT_TARGET = 16.0;
				LOCALIZATION_PREFERS_STRING_CATALOGS = YES;
				MTL_ENABLE_DEBUG_INFO = INCLUDE_SOURCE;
				MTL_FAST_MATH = YES;
				ONLY_ACTIVE_ARCH = YES;
				SDKROOT = iphoneos;
				SWIFT_ACTIVE_COMPILATION_CONDITIONS = "DEBUG $(inherited)";
				SWIFT_OPTIMIZATION_LEVEL = "-Onone";
			};
			name = Debug;
		};
		FDBDCA302C972E70002B06B3 /* Release */ = {
			isa = XCBuildConfiguration;
			buildSettings = {
				ALWAYS_SEARCH_USER_PATHS = NO;
				ASSETCATALOG_COMPILER_GENERATE_SWIFT_ASSET_SYMBOL_EXTENSIONS = YES;
				CLANG_ANALYZER_NONNULL = YES;
				CLANG_ANALYZER_NUMBER_OBJECT_CONVERSION = YES_AGGRESSIVE;
				CLANG_CXX_LANGUAGE_STANDARD = "gnu++20";
				CLANG_ENABLE_MODULES = YES;
				CLANG_ENABLE_OBJC_ARC = YES;
				CLANG_ENABLE_OBJC_WEAK = YES;
				CLANG_WARN_BLOCK_CAPTURE_AUTORELEASING = YES;
				CLANG_WARN_BOOL_CONVERSION = YES;
				CLANG_WARN_COMMA = YES;
				CLANG_WARN_CONSTANT_CONVERSION = YES;
				CLANG_WARN_DEPRECATED_OBJC_IMPLEMENTATIONS = YES;
				CLANG_WARN_DIRECT_OBJC_ISA_USAGE = YES_ERROR;
				CLANG_WARN_DOCUMENTATION_COMMENTS = YES;
				CLANG_WARN_EMPTY_BODY = YES;
				CLANG_WARN_ENUM_CONVERSION = YES;
				CLANG_WARN_INFINITE_RECURSION = YES;
				CLANG_WARN_INT_CONVERSION = YES;
				CLANG_WARN_NON_LITERAL_NULL_CONVERSION = YES;
				CLANG_WARN_OBJC_IMPLICIT_RETAIN_SELF = YES;
				CLANG_WARN_OBJC_LITERAL_CONVERSION = YES;
				CLANG_WARN_OBJC_ROOT_CLASS = YES_ERROR;
				CLANG_WARN_QUOTED_INCLUDE_IN_FRAMEWORK_HEADER = YES;
				CLANG_WARN_RANGE_LOOP_ANALYSIS = YES;
				CLANG_WARN_STRICT_PROTOTYPES = YES;
				CLANG_WARN_SUSPICIOUS_MOVE = YES;
				CLANG_WARN_UNGUARDED_AVAILABILITY = YES_AGGRESSIVE;
				CLANG_WARN_UNREACHABLE_CODE = YES;
				CLANG_WARN__DUPLICATE_METHOD_MATCH = YES;
				COPY_PHASE_STRIP = NO;
				DEBUG_INFORMATION_FORMAT = "dwarf-with-dsym";
				ENABLE_NS_ASSERTIONS = NO;
				ENABLE_STRICT_OBJC_MSGSEND = YES;
				ENABLE_USER_SCRIPT_SANDBOXING = YES;
				GCC_C_LANGUAGE_STANDARD = gnu17;
				GCC_NO_COMMON_BLOCKS = YES;
				GCC_WARN_64_TO_32_BIT_CONVERSION = YES;
				GCC_WARN_ABOUT_RETURN_TYPE = YES_ERROR;
				GCC_WARN_UNDECLARED_SELECTOR = YES;
				GCC_WARN_UNINITIALIZED_AUTOS = YES_AGGRESSIVE;
				GCC_WARN_UNUSED_FUNCTION = YES;
				GCC_WARN_UNUSED_VARIABLE = YES;
				IPHONEOS_DEPLOYMENT_TARGET = 16.0;
				LOCALIZATION_PREFERS_STRING_CATALOGS = YES;
				MTL_ENABLE_DEBUG_INFO = NO;
				MTL_FAST_MATH = YES;
				SDKROOT = iphoneos;
				SWIFT_COMPILATION_MODE = wholemodule;
				VALIDATE_PRODUCT = YES;
			};
			name = Release;
		};
		FDBDCA322C972E70002B06B3 /* Debug */ = {
			isa = XCBuildConfiguration;
			baseConfigurationReference = 1ADAFED7B30AED507D219110 /* Pods-Space-X-Launches-App.debug.xcconfig */;
			buildSettings = {
				ASSETCATALOG_COMPILER_APPICON_NAME = AppIcon;
				ASSETCATALOG_COMPILER_GLOBAL_ACCENT_COLOR_NAME = AccentColor;
				CODE_SIGN_STYLE = Automatic;
				CURRENT_PROJECT_VERSION = 1;
				DEVELOPMENT_TEAM = XHTY5N4472;
				GENERATE_INFOPLIST_FILE = YES;
				INFOPLIST_FILE = "Space-X-Launches-App/Info.plist";
				INFOPLIST_KEY_UIApplicationSupportsIndirectInputEvents = YES;
				INFOPLIST_KEY_UILaunchStoryboardName = LaunchScreen;
				INFOPLIST_KEY_UIMainStoryboardFile = "";
				INFOPLIST_KEY_UISupportedInterfaceOrientations_iPad = "UIInterfaceOrientationPortrait UIInterfaceOrientationPortraitUpsideDown UIInterfaceOrientationLandscapeLeft UIInterfaceOrientationLandscapeRight";
				INFOPLIST_KEY_UISupportedInterfaceOrientations_iPhone = "UIInterfaceOrientationPortrait UIInterfaceOrientationLandscapeLeft UIInterfaceOrientationLandscapeRight";
				IPHONEOS_DEPLOYMENT_TARGET = 16;
				LD_RUNPATH_SEARCH_PATHS = (
					"$(inherited)",
					"@executable_path/Frameworks",
				);
				MARKETING_VERSION = 1.0;
				PRODUCT_BUNDLE_IDENTIFIER = "sadasdasdasdasdasdasdasdasd.Space-X-Launches-App";
				PRODUCT_NAME = "$(TARGET_NAME)";
				SUPPORTED_PLATFORMS = "iphoneos iphonesimulator";
				SUPPORTS_MACCATALYST = NO;
				SUPPORTS_MAC_DESIGNED_FOR_IPHONE_IPAD = NO;
				SUPPORTS_XR_DESIGNED_FOR_IPHONE_IPAD = NO;
				SWIFT_EMIT_LOC_STRINGS = YES;
				SWIFT_VERSION = 5.0;
				TARGETED_DEVICE_FAMILY = 1;
			};
			name = Debug;
		};
		FDBDCA332C972E70002B06B3 /* Release */ = {
			isa = XCBuildConfiguration;
			baseConfigurationReference = E0C836499E5261745AC4FFE4 /* Pods-Space-X-Launches-App.release.xcconfig */;
			buildSettings = {
				ASSETCATALOG_COMPILER_APPICON_NAME = AppIcon;
				ASSETCATALOG_COMPILER_GLOBAL_ACCENT_COLOR_NAME = AccentColor;
				CODE_SIGN_STYLE = Automatic;
				CURRENT_PROJECT_VERSION = 1;
				DEVELOPMENT_TEAM = XHTY5N4472;
				GENERATE_INFOPLIST_FILE = YES;
				INFOPLIST_FILE = "Space-X-Launches-App/Info.plist";
				INFOPLIST_KEY_UIApplicationSupportsIndirectInputEvents = YES;
				INFOPLIST_KEY_UILaunchStoryboardName = LaunchScreen;
				INFOPLIST_KEY_UIMainStoryboardFile = "";
				INFOPLIST_KEY_UISupportedInterfaceOrientations_iPad = "UIInterfaceOrientationPortrait UIInterfaceOrientationPortraitUpsideDown UIInterfaceOrientationLandscapeLeft UIInterfaceOrientationLandscapeRight";
				INFOPLIST_KEY_UISupportedInterfaceOrientations_iPhone = "UIInterfaceOrientationPortrait UIInterfaceOrientationLandscapeLeft UIInterfaceOrientationLandscapeRight";
				IPHONEOS_DEPLOYMENT_TARGET = 16;
				LD_RUNPATH_SEARCH_PATHS = (
					"$(inherited)",
					"@executable_path/Frameworks",
				);
				MARKETING_VERSION = 1.0;
				PRODUCT_BUNDLE_IDENTIFIER = "sadasdasdasdasdasdasdasdasd.Space-X-Launches-App";
				PRODUCT_NAME = "$(TARGET_NAME)";
				SUPPORTED_PLATFORMS = "iphoneos iphonesimulator";
				SUPPORTS_MACCATALYST = NO;
				SUPPORTS_MAC_DESIGNED_FOR_IPHONE_IPAD = NO;
				SUPPORTS_XR_DESIGNED_FOR_IPHONE_IPAD = NO;
				SWIFT_EMIT_LOC_STRINGS = YES;
				SWIFT_VERSION = 5.0;
				TARGETED_DEVICE_FAMILY = 1;
			};
			name = Release;
		};
		FDCBBBC92C98442800C29C06 /* Debug */ = {
			isa = XCBuildConfiguration;
			buildSettings = {
				CODE_SIGN_STYLE = Automatic;
				CURRENT_PROJECT_VERSION = 1;
				DEVELOPMENT_TEAM = XHTY5N4472;
				GENERATE_INFOPLIST_FILE = YES;
				IPHONEOS_DEPLOYMENT_TARGET = 17.5;
				MARKETING_VERSION = 1.0;
				PRODUCT_BUNDLE_IDENTIFIER = "sadasdasdasdasdasdasdasdasd.Space-X-Launches-App-UITests";
				PRODUCT_NAME = "$(TARGET_NAME)";
				SWIFT_EMIT_LOC_STRINGS = NO;
				SWIFT_VERSION = 5.0;
				TARGETED_DEVICE_FAMILY = "1,2";
				TEST_TARGET_NAME = "Space-X-Launches-App";
			};
			name = Debug;
		};
		FDCBBBCA2C98442800C29C06 /* Release */ = {
			isa = XCBuildConfiguration;
			buildSettings = {
				CODE_SIGN_STYLE = Automatic;
				CURRENT_PROJECT_VERSION = 1;
				DEVELOPMENT_TEAM = XHTY5N4472;
				GENERATE_INFOPLIST_FILE = YES;
				IPHONEOS_DEPLOYMENT_TARGET = 17.5;
				MARKETING_VERSION = 1.0;
				PRODUCT_BUNDLE_IDENTIFIER = "sadasdasdasdasdasdasdasdasd.Space-X-Launches-App-UITests";
				PRODUCT_NAME = "$(TARGET_NAME)";
				SWIFT_EMIT_LOC_STRINGS = NO;
				SWIFT_VERSION = 5.0;
				TARGETED_DEVICE_FAMILY = "1,2";
				TEST_TARGET_NAME = "Space-X-Launches-App";
			};
			name = Release;
		};
/* End XCBuildConfiguration section */

/* Begin XCConfigurationList section */
		FDBDCA182C972E6F002B06B3 /* Build configuration list for PBXProject "Space-X-Launches-App" */ = {
			isa = XCConfigurationList;
			buildConfigurations = (
				FDBDCA2F2C972E70002B06B3 /* Debug */,
				FDBDCA302C972E70002B06B3 /* Release */,
			);
			defaultConfigurationIsVisible = 0;
			defaultConfigurationName = Release;
		};
		FDBDCA312C972E70002B06B3 /* Build configuration list for PBXNativeTarget "Space-X-Launches-App" */ = {
			isa = XCConfigurationList;
			buildConfigurations = (
				FDBDCA322C972E70002B06B3 /* Debug */,
				FDBDCA332C972E70002B06B3 /* Release */,
			);
			defaultConfigurationIsVisible = 0;
			defaultConfigurationName = Release;
		};
		FDCBBBC82C98442800C29C06 /* Build configuration list for PBXNativeTarget "Space-X-Launches-App-UITests" */ = {
			isa = XCConfigurationList;
			buildConfigurations = (
				FDCBBBC92C98442800C29C06 /* Debug */,
				FDCBBBCA2C98442800C29C06 /* Release */,
			);
			defaultConfigurationIsVisible = 0;
			defaultConfigurationName = Release;
		};
/* End XCConfigurationList section */

/* Begin XCRemoteSwiftPackageReference section */
		FDCBBBCE2C98489900C29C06 /* XCRemoteSwiftPackageReference "SDWebImageSwiftUI" */ = {
			isa = XCRemoteSwiftPackageReference;
			repositoryURL = "https://github.com/SDWebImage/SDWebImageSwiftUI.git";
			requirement = {
				kind = upToNextMajorVersion;
				minimumVersion = 3.1.2;
			};
		};
/* End XCRemoteSwiftPackageReference section */

/* Begin XCSwiftPackageProductDependency section */
		FDCBBBCF2C98489900C29C06 /* SDWebImageSwiftUI */ = {
			isa = XCSwiftPackageProductDependency;
			package = FDCBBBCE2C98489900C29C06 /* XCRemoteSwiftPackageReference "SDWebImageSwiftUI" */;
			productName = SDWebImageSwiftUI;
		};
		FDCBBBD12C9848A600C29C06 /* SDWebImageSwiftUI */ = {
			isa = XCSwiftPackageProductDependency;
			package = FDCBBBCE2C98489900C29C06 /* XCRemoteSwiftPackageReference "SDWebImageSwiftUI" */;
			productName = SDWebImageSwiftUI;
		};
/* End XCSwiftPackageProductDependency section */
	};
	rootObject = FDBDCA152C972E6F002B06B3 /* Project object */;
}
